# This file was autogenerated by Stack.
# You should not edit this file by hand.
# For more information, please see the documentation at:
#   https://docs.haskellstack.org/en/stable/lock_files

packages:
- completed:
    hackage: implicit-hie-0.1.2.4@sha256:963fcc1b1136ccfd814bc7182bcb841cc51db18b38f5d45860195aed0ca94ab6,2998
    pantry-tree:
      size: 844
      sha256: 25ca5d85e30d0a5a7a1f34420848ab163221b53198dbf2e54090f5ae9050d5b1
  original:
    hackage: implicit-hie-0.1.2.4
snapshots:
- completed:
    size: 532832
    url: https://raw.githubusercontent.com/commercialhaskell/stackage-snapshots/master/lts/16/23.yaml
    sha256: fbb2a0519008533924c7753bd7164ddd1009f09504eb06674acad6049b46db09
  original: lts-16.23
